{
  "version": 4,
  "terraform_version": "1.3.2",
  "serial": 48,
  "lineage": "53a5576b-94e3-c5e1-ebeb-eb07157e3859",
  "outputs": {},
  "resources": [
    {
      "mode": "managed",
      "type": "outscale_keypair",
      "name": "keypair01",
      "provider": "provider[\"registry.terraform.io/outscale-dev/outscale\"]",
      "instances": [
        {
          "schema_version": 0,
          "attributes": {
            "id": "hackathon",
            "keypair_fingerprint": "de:ca:7f:ef:e2:ad:63:37:48:3c:6f:c6:0d:d4:19:ac",
            "keypair_name": "hackathon",
            "private_key": "-----BEGIN RSA PRIVATE KEY-----\nMIIEpAIBAAKCAQEAqKXKnVSKgXv7IAcfedqBBJ4wY2aP2t6i9puHZyNJ1TS3C1vn6hVL03z88Ll1\nJc9TY9N+W5jG34y/pbUM+V6ztwC36tPKPgQ+DQSPTF1vMkgPWHGnKK/fuk2JwQFb3OVDt6wrX6pe\nixpxspLukZe8GnfMxhQ5d3gtFO3c0Jc4yTZiVzPHXPwPOupOeMDo+4v31vbo+bzIcaF5Ustr59+r\nVbDl8XqDmqroCsFwHURteREt1kS4k7vSVxekvknsAurAJ9+sPdTdRkKRFhKjtOUC7QjJTqPed8GG\nsO0MxaHc1uqJyeqkxet3fxMWlMMYwWaNK9DyGnoBlnQh8MlrLzQd/wIDAQABAoIBABZ3D0hp7JFX\nDJq1mDHJM4qD7/otvVfwdFDZYu4QO1OVVBTFR11dPN6NNbxzV/GTbo5Lq/dToJpCy3ytY28MeHAW\nPmmfkL82HXXqd5Q6lgdipfioGxZGZ00P6xu0rKH+QEkFPDngHfv1p9Ob0v+98Kat8q8oHoeVkJvL\nG7EFk+DpkE6depjgYN6Gu85tlDlmVoWVPPbwvF8llzCYdYKDzQg0azcO9FR9K1fHknRwyRJe6gsu\ntE3SEzvR7tOBdwC9wGPLiVua6ZjkvaDe2lKextLCLAJyW8wQvseRHug+M7OMSrZuob125LoLWFcK\nEM/ubSWMbeRENZ3Qc4koJw19FqECgYEA0z9rQX4KLicZI4QSgv0Qy8KQbVMrbbdM3M4jPz0dGkMu\ngbApAppqVt4WeTOyJR2suDX5xf9cqn0ozjSY7VGcJqrns70/kdMNtnriZ1OEQKlr5Ss++ZMAyslH\nLpoPPQzyYiHzp1kiBtn+R4rfBgB/IZd2V0WssEEa2vREOCwNu5cCgYEAzGALWLOENtp4e1Qev9+O\nlktNXY8O/9OM52gbAT0bm6//CU6RY894ss+Q6vKgI1DlEClkAWb3fj5OAV4bbT0aQIgsMUyN3qm9\nUDUgTqKuEtxNz4jYTpDApow31GUD/jhYgaj7Jh/DVcGkE0tFnBunwVL5NNJG9TI3ZcnMc2swHdkC\ngYEAvqJuoi2h9kBmWTyoj/jcHWU5fM8fU+WkwWZtPHZkOv0BjRtyBt1etYG5+iqCyyfaZGqhOuLV\nty03k863awLIzcRRUEyqf2hc6Z4/jks6ADhkG+1I6WSVxGqbiByTP97dJV3KSe0P3er/o4RY+0ub\nbq8Gpn9D9dLq70ib/60Rv4UCgYBdUsYbnO2UtrIpbsITz5ummYAcZsTsoMdIq8sZB7RhpT4KG+xb\n7VMqI4oDHwNs3PWcKapW0ZPV+9FW4ogXm70vFn9Hi7OEp3Gg/IFiJvrh9eM6Dzzms0alRoX/4Jiw\nLz6LBoSYZgymTiQEA20n2aECsEbHjfWE5YdSXZGUaq+wEQKBgQCuYdqBMxiZiF8817P/uZHM1CHr\nMWWEJEb+/R2XHAcCodEbtKAObLJWs2MJWL9HVhc1duhDQZtdECtEZXEgo3QIRpQsu8OmWDWqmzHX\nSZ++/iTb8k8zgGKnT/VqJr5UgQOdxVhGY9aPGWkbRKmFmzYAuAktljb2T3I81UfVVEFXIA==\n-----END RSA PRIVATE KEY-----",
            "public_key": null,
            "request_id": null,
            "timeouts": null
          },
          "sensitive_attributes": [],
          "private": "eyJlMmJmYjczMC1lY2FhLTExZTYtOGY4OC0zNDM2M2JjN2M0YzAiOnsiY3JlYXRlIjo2MDAwMDAwMDAwMDAsImRlbGV0ZSI6NjAwMDAwMDAwMDAwLCJyZWFkIjo2MDAwMDAwMDAwMDB9fQ=="
        }
      ]
    },
    {
      "mode": "managed",
      "type": "outscale_security_group",
      "name": "hackathon_common",
      "provider": "provider[\"registry.terraform.io/outscale-dev/outscale\"]",
      "instances": [
        {
          "schema_version": 0,
          "attributes": {
            "account_id": "558105871585",
            "description": "Managed by Terraform",
            "id": "sg-188c2ed1",
            "inbound_rules": [],
            "net_id": "",
            "outbound_rules": [],
            "request_id": null,
            "security_group_id": "sg-188c2ed1",
            "security_group_name": "hackathon-common",
            "tag": null,
            "tags": []
          },
          "sensitive_attributes": [],
          "private": "bnVsbA=="
        }
      ]
    },
    {
      "mode": "managed",
      "type": "outscale_security_group",
      "name": "hackathon_mongodb",
      "provider": "provider[\"registry.terraform.io/outscale-dev/outscale\"]",
      "instances": [
        {
          "schema_version": 0,
          "attributes": {
            "account_id": "558105871585",
            "description": "Managed by Terraform",
            "id": "sg-9f1c3315",
            "inbound_rules": [],
            "net_id": "",
            "outbound_rules": [],
            "request_id": null,
            "security_group_id": "sg-9f1c3315",
            "security_group_name": "hackathon-mongodb",
            "tag": null,
            "tags": []
          },
          "sensitive_attributes": [],
          "private": "bnVsbA=="
        }
      ]
    },
    {
      "mode": "managed",
      "type": "outscale_security_group",
      "name": "hackathon_postgre",
      "provider": "provider[\"registry.terraform.io/outscale-dev/outscale\"]",
      "instances": [
        {
          "schema_version": 0,
          "attributes": {
            "account_id": "558105871585",
            "description": "Managed by Terraform",
            "id": "sg-8cec3399",
            "inbound_rules": [],
            "net_id": "",
            "outbound_rules": [],
            "request_id": null,
            "security_group_id": "sg-8cec3399",
            "security_group_name": "hackathon-postgres",
            "tag": null,
            "tags": []
          },
          "sensitive_attributes": [],
          "private": "bnVsbA=="
        }
      ]
    },
    {
      "mode": "managed",
      "type": "outscale_security_group",
      "name": "hackathon_web",
      "provider": "provider[\"registry.terraform.io/outscale-dev/outscale\"]",
      "instances": [
        {
          "schema_version": 0,
          "attributes": {
            "account_id": "558105871585",
            "description": "Managed by Terraform",
            "id": "sg-8811caf9",
            "inbound_rules": [],
            "net_id": "",
            "outbound_rules": [],
            "request_id": null,
            "security_group_id": "sg-8811caf9",
            "security_group_name": "hackathon-web",
            "tag": null,
            "tags": []
          },
          "sensitive_attributes": [],
          "private": "bnVsbA=="
        }
      ]
    },
    {
      "mode": "managed",
      "type": "outscale_security_group_rule",
      "name": "hackathon_adminer",
      "provider": "provider[\"registry.terraform.io/outscale-dev/outscale\"]",
      "instances": [
        {
          "schema_version": 0,
          "attributes": {
            "flow": "Inbound",
            "from_port_range": null,
            "id": "sg-8cec3399",
            "inbound_rules": [
              {
                "from_port_range": 8080,
                "ip_protocol": "tcp",
                "ip_ranges": [
                  "0.0.0.0/0"
                ],
                "security_groups_members": [],
                "service_ids": [],
                "to_port_range": 8080
              }
            ],
            "ip_protocol": null,
            "ip_range": null,
            "net_id": "",
            "outbound_rules": [],
            "request_id": null,
            "rules": [
              {
                "from_port_range": 8080,
                "ip_protocol": "tcp",
                "ip_ranges": [
                  "0.0.0.0/0"
                ],
                "security_groups_members": [],
                "service_ids": null,
                "to_port_range": 8080
              }
            ],
            "security_group_account_id_to_link": null,
            "security_group_id": "sg-8cec3399",
            "security_group_name": "hackathon-postgres",
            "security_group_name_to_link": null,
            "to_port_range": null
          },
          "sensitive_attributes": [],
          "private": "bnVsbA==",
          "dependencies": [
            "outscale_security_group.hackathon_postgre"
          ]
        }
      ]
    },
    {
      "mode": "managed",
      "type": "outscale_security_group_rule",
      "name": "hackathon_mongo_express",
      "provider": "provider[\"registry.terraform.io/outscale-dev/outscale\"]",
      "instances": [
        {
          "schema_version": 0,
          "attributes": {
            "flow": "Inbound",
            "from_port_range": null,
            "id": "sg-9f1c3315",
            "inbound_rules": [
              {
                "from_port_range": 8081,
                "ip_protocol": "tcp",
                "ip_ranges": [
                  "0.0.0.0/0"
                ],
                "security_groups_members": [],
                "service_ids": [],
                "to_port_range": 8081
              },
              {
                "from_port_range": 27017,
                "ip_protocol": "tcp",
                "ip_ranges": [
                  "0.0.0.0/0"
                ],
                "security_groups_members": [],
                "service_ids": [],
                "to_port_range": 27017
              }
            ],
            "ip_protocol": null,
            "ip_range": null,
            "net_id": "",
            "outbound_rules": [],
            "request_id": null,
            "rules": [
              {
                "from_port_range": 8081,
                "ip_protocol": "tcp",
                "ip_ranges": [
                  "0.0.0.0/0"
                ],
                "security_groups_members": [],
                "service_ids": null,
                "to_port_range": 8081
              }
            ],
            "security_group_account_id_to_link": null,
            "security_group_id": "sg-9f1c3315",
            "security_group_name": "hackathon-mongodb",
            "security_group_name_to_link": null,
            "to_port_range": null
          },
          "sensitive_attributes": [],
          "private": "bnVsbA==",
          "dependencies": [
            "outscale_security_group.hackathon_mongodb"
          ]
        }
      ]
    },
    {
      "mode": "managed",
      "type": "outscale_security_group_rule",
      "name": "hackathon_mongodb",
      "provider": "provider[\"registry.terraform.io/outscale-dev/outscale\"]",
      "instances": [
        {
          "schema_version": 0,
          "attributes": {
            "flow": "Inbound",
            "from_port_range": null,
            "id": "sg-9f1c3315",
            "inbound_rules": [
              {
                "from_port_range": 8081,
                "ip_protocol": "tcp",
                "ip_ranges": [
                  "0.0.0.0/0"
                ],
                "security_groups_members": [],
                "service_ids": [],
                "to_port_range": 8081
              },
              {
                "from_port_range": 27017,
                "ip_protocol": "tcp",
                "ip_ranges": [
                  "0.0.0.0/0"
                ],
                "security_groups_members": [],
                "service_ids": [],
                "to_port_range": 27017
              }
            ],
            "ip_protocol": null,
            "ip_range": null,
            "net_id": "",
            "outbound_rules": [],
            "request_id": null,
            "rules": [
              {
                "from_port_range": 27017,
                "ip_protocol": "tcp",
                "ip_ranges": [
                  "0.0.0.0/0"
                ],
                "security_groups_members": [],
                "service_ids": null,
                "to_port_range": 27017
              }
            ],
            "security_group_account_id_to_link": null,
            "security_group_id": "sg-9f1c3315",
            "security_group_name": "hackathon-mongodb",
            "security_group_name_to_link": null,
            "to_port_range": null
          },
          "sensitive_attributes": [],
          "private": "bnVsbA==",
          "dependencies": [
            "outscale_security_group.hackathon_mongodb"
          ]
        }
      ]
    },
    {
      "mode": "managed",
      "type": "outscale_security_group_rule",
      "name": "hackathon_postgre",
      "provider": "provider[\"registry.terraform.io/outscale-dev/outscale\"]",
      "instances": [
        {
          "schema_version": 0,
          "attributes": {
            "flow": "Inbound",
            "from_port_range": null,
            "id": "sg-8cec3399",
            "inbound_rules": [
              {
                "from_port_range": 5432,
                "ip_protocol": "tcp",
                "ip_ranges": [
                  "0.0.0.0/0"
                ],
                "security_groups_members": [],
                "service_ids": [],
                "to_port_range": 5432
              },
              {
                "from_port_range": 8080,
                "ip_protocol": "tcp",
                "ip_ranges": [
                  "0.0.0.0/0"
                ],
                "security_groups_members": [],
                "service_ids": [],
                "to_port_range": 8080
              }
            ],
            "ip_protocol": null,
            "ip_range": null,
            "net_id": "",
            "outbound_rules": [],
            "request_id": null,
            "rules": [
              {
                "from_port_range": 5432,
                "ip_protocol": "tcp",
                "ip_ranges": [
                  "0.0.0.0/0"
                ],
                "security_groups_members": [],
                "service_ids": null,
                "to_port_range": 5432
              }
            ],
            "security_group_account_id_to_link": null,
            "security_group_id": "sg-8cec3399",
            "security_group_name": "hackathon-postgres",
            "security_group_name_to_link": null,
            "to_port_range": null
          },
          "sensitive_attributes": [],
          "private": "bnVsbA==",
          "dependencies": [
            "outscale_security_group.hackathon_postgre"
          ]
        }
      ]
    },
    {
      "mode": "managed",
      "type": "outscale_security_group_rule",
      "name": "hackathon_ssh",
      "provider": "provider[\"registry.terraform.io/outscale-dev/outscale\"]",
      "instances": [
        {
          "schema_version": 0,
          "attributes": {
            "flow": "Inbound",
            "from_port_range": null,
            "id": "sg-188c2ed1",
            "inbound_rules": [
              {
                "from_port_range": 22,
                "ip_protocol": "tcp",
                "ip_ranges": [
                  "0.0.0.0/0"
                ],
                "security_groups_members": [],
                "service_ids": [],
                "to_port_range": 22
              },
              {
                "from_port_range": 3000,
                "ip_protocol": "tcp",
                "ip_ranges": [
                  "0.0.0.0/0"
                ],
                "security_groups_members": [],
                "service_ids": [],
                "to_port_range": 3000
              }
            ],
            "ip_protocol": null,
            "ip_range": null,
            "net_id": "",
            "outbound_rules": [],
            "request_id": null,
            "rules": [
              {
                "from_port_range": 22,
                "ip_protocol": "tcp",
                "ip_ranges": [
                  "0.0.0.0/0"
                ],
                "security_groups_members": [],
                "service_ids": null,
                "to_port_range": 22
              }
            ],
            "security_group_account_id_to_link": null,
            "security_group_id": "sg-188c2ed1",
            "security_group_name": "hackathon-common",
            "security_group_name_to_link": null,
            "to_port_range": null
          },
          "sensitive_attributes": [],
          "private": "bnVsbA==",
          "dependencies": [
            "outscale_security_group.hackathon_common"
          ]
        }
      ]
    },
    {
      "mode": "managed",
      "type": "outscale_security_group_rule",
      "name": "hackathon_vscode",
      "provider": "provider[\"registry.terraform.io/outscale-dev/outscale\"]",
      "instances": [
        {
          "schema_version": 0,
          "attributes": {
            "flow": "Inbound",
            "from_port_range": null,
            "id": "sg-188c2ed1",
            "inbound_rules": [
              {
                "from_port_range": 3000,
                "ip_protocol": "tcp",
                "ip_ranges": [
                  "0.0.0.0/0"
                ],
                "security_groups_members": [],
                "service_ids": [],
                "to_port_range": 3000
              }
            ],
            "ip_protocol": null,
            "ip_range": null,
            "net_id": "",
            "outbound_rules": [],
            "request_id": null,
            "rules": [
              {
                "from_port_range": 3000,
                "ip_protocol": "tcp",
                "ip_ranges": [
                  "0.0.0.0/0"
                ],
                "security_groups_members": [],
                "service_ids": null,
                "to_port_range": 3000
              }
            ],
            "security_group_account_id_to_link": null,
            "security_group_id": "sg-188c2ed1",
            "security_group_name": "hackathon-common",
            "security_group_name_to_link": null,
            "to_port_range": null
          },
          "sensitive_attributes": [],
          "private": "bnVsbA==",
          "dependencies": [
            "outscale_security_group.hackathon_common"
          ]
        }
      ]
    },
    {
      "mode": "managed",
      "type": "outscale_security_group_rule",
      "name": "hackathon_web",
      "provider": "provider[\"registry.terraform.io/outscale-dev/outscale\"]",
      "instances": [
        {
          "schema_version": 0,
          "attributes": {
            "flow": "Inbound",
            "from_port_range": null,
            "id": "sg-8811caf9",
            "inbound_rules": [
              {
                "from_port_range": 8000,
                "ip_protocol": "tcp",
                "ip_ranges": [
                  "0.0.0.0/0"
                ],
                "security_groups_members": [],
                "service_ids": [],
                "to_port_range": 8000
              }
            ],
            "ip_protocol": null,
            "ip_range": null,
            "net_id": "",
            "outbound_rules": [],
            "request_id": null,
            "rules": [
              {
                "from_port_range": 8000,
                "ip_protocol": "tcp",
                "ip_ranges": [
                  "0.0.0.0/0"
                ],
                "security_groups_members": [],
                "service_ids": null,
                "to_port_range": 8000
              }
            ],
            "security_group_account_id_to_link": null,
            "security_group_id": "sg-8811caf9",
            "security_group_name": "hackathon-web",
            "security_group_name_to_link": null,
            "to_port_range": null
          },
          "sensitive_attributes": [],
          "private": "bnVsbA==",
          "dependencies": [
            "outscale_security_group.hackathon_web"
          ]
        }
      ]
    },
    {
      "mode": "managed",
      "type": "outscale_vm",
      "name": "hackathon_app1",
      "provider": "provider[\"registry.terraform.io/outscale-dev/outscale\"]",
      "instances": [
        {
          "status": "tainted",
          "schema_version": 0,
          "attributes": {
            "admin_password": "",
            "architecture": "x86_64",
            "block_device_mappings": [
              {
                "bsu": [
                  {
                    "delete_on_vm_deletion": true,
                    "iops": 150,
                    "snapshot_id": "",
                    "volume_size": 115,
                    "volume_type": "io1"
                  }
                ],
                "device_name": "/dev/sdb",
                "no_device": "",
                "virtual_device_name": ""
              }
            ],
            "block_device_mappings_created": [
              {
                "bsu": {
                  "delete_on_vm_deletion": "true",
                  "link_date": "2022-10-08T08:31:54.909Z",
                  "state": "attached",
                  "volume_id": "vol-1fc5be1b"
                },
                "device_name": "/dev/sda1"
              },
              {
                "bsu": {
                  "delete_on_vm_deletion": "true",
                  "link_date": "2022-10-08T08:31:54.909Z",
                  "state": "attached",
                  "volume_id": "vol-211d4b97"
                },
                "device_name": "/dev/sdb"
              }
            ],
            "bsu_optimized": false,
            "client_token": "",
            "deletion_protection": false,
            "get_admin_password": null,
            "hypervisor": "xen",
            "id": "i-715438f9",
            "image_id": "ami-bb490c7e",
            "is_source_dest_checked": true,
            "keypair_name": "hackathon",
            "launch_number": 0,
            "net_id": "",
            "nics": [],
            "os_family": "",
            "performance": "highest",
            "placement_subregion_name": "eu-west-2a",
            "placement_tenancy": "default",
            "private_dns_name": "ip-10-9-68-53.eu-west-2.compute.internal",
            "private_ip": "10.9.68.53",
            "private_ips": null,
            "product_codes": [
              "0001"
            ],
            "public_dns_name": "ows-148-253-114-147.eu-west-2.compute.outscale.com",
            "public_ip": "148.253.114.147",
            "request_id": null,
            "reservation_id": "r-a647afbf",
            "root_device_name": "/dev/sda1",
            "root_device_type": "ebs",
            "security_group_ids": [
              "sg-188c2ed1"
            ],
            "security_group_names": null,
            "security_groups": [
              {
                "security_group_id": "sg-188c2ed1",
                "security_group_name": "hackathon-common"
              }
            ],
            "state": "running",
            "state_reason": "",
            "subnet_id": "",
            "tags": [
              {
                "key": "name",
                "value": "hackathon_app1"
              }
            ],
            "timeouts": null,
            "user_data": "",
            "vm_id": "i-715438f9",
            "vm_initiated_shutdown_behavior": "stop",
            "vm_type": "tinav5.c4r8p1"
          },
          "sensitive_attributes": [],
          "private": "eyJlMmJmYjczMC1lY2FhLTExZTYtOGY4OC0zNDM2M2JjN2M0YzAiOnsiY3JlYXRlIjo2MDAwMDAwMDAwMDAsImRlbGV0ZSI6NjAwMDAwMDAwMDAwLCJ1cGRhdGUiOjYwMDAwMDAwMDAwMH19",
          "dependencies": [
            "outscale_keypair.keypair01",
            "outscale_security_group.hackathon_common"
          ]
        }
      ]
    },
    {
      "mode": "managed",
      "type": "outscale_vm",
      "name": "hackathon_db1",
      "provider": "provider[\"registry.terraform.io/outscale-dev/outscale\"]",
      "instances": [
        {
          "status": "tainted",
          "schema_version": 0,
          "attributes": {
            "admin_password": "",
            "architecture": "x86_64",
            "block_device_mappings": [
              {
                "bsu": [
                  {
                    "delete_on_vm_deletion": true,
                    "iops": 150,
                    "snapshot_id": "",
                    "volume_size": 115,
                    "volume_type": "io1"
                  }
                ],
                "device_name": "/dev/sdb",
                "no_device": "",
                "virtual_device_name": ""
              }
            ],
            "block_device_mappings_created": [
              {
                "bsu": {
                  "delete_on_vm_deletion": "true",
                  "link_date": "2022-10-08T08:31:55.072Z",
                  "state": "attached",
                  "volume_id": "vol-f6394fc3"
                },
                "device_name": "/dev/sda1"
              },
              {
                "bsu": {
                  "delete_on_vm_deletion": "true",
                  "link_date": "2022-10-08T08:31:55.072Z",
                  "state": "attached",
                  "volume_id": "vol-b195dfca"
                },
                "device_name": "/dev/sdb"
              }
            ],
            "bsu_optimized": false,
            "client_token": "",
            "deletion_protection": false,
            "get_admin_password": null,
            "hypervisor": "xen",
            "id": "i-1629c2be",
            "image_id": "ami-bb490c7e",
            "is_source_dest_checked": true,
            "keypair_name": "hackathon",
            "launch_number": 0,
            "net_id": "",
            "nics": [],
            "os_family": "",
            "performance": "highest",
            "placement_subregion_name": "eu-west-2a",
            "placement_tenancy": "default",
            "private_dns_name": "ip-10-9-54-52.eu-west-2.compute.internal",
            "private_ip": "10.9.54.52",
            "private_ips": null,
            "product_codes": [
              "0001"
            ],
            "public_dns_name": "ows-142-44-36-219.eu-west-2.compute.outscale.com",
            "public_ip": "142.44.36.219",
            "request_id": null,
            "reservation_id": "r-d41b0632",
            "root_device_name": "/dev/sda1",
            "root_device_type": "ebs",
            "security_group_ids": [
              "sg-188c2ed1",
              "sg-8cec3399",
              "sg-9f1c3315"
            ],
            "security_group_names": null,
            "security_groups": [
              {
                "security_group_id": "sg-188c2ed1",
                "security_group_name": "hackathon-common"
              },
              {
                "security_group_id": "sg-8cec3399",
                "security_group_name": "hackathon-postgres"
              },
              {
                "security_group_id": "sg-9f1c3315",
                "security_group_name": "hackathon-mongodb"
              }
            ],
            "state": "running",
            "state_reason": "",
            "subnet_id": "",
            "tags": [
              {
                "key": "name",
                "value": "hackathon_db1"
              }
            ],
            "timeouts": null,
            "user_data": "",
            "vm_id": "i-1629c2be",
            "vm_initiated_shutdown_behavior": "stop",
            "vm_type": "tinav5.c4r8p1"
          },
          "sensitive_attributes": [],
          "private": "eyJlMmJmYjczMC1lY2FhLTExZTYtOGY4OC0zNDM2M2JjN2M0YzAiOnsiY3JlYXRlIjo2MDAwMDAwMDAwMDAsImRlbGV0ZSI6NjAwMDAwMDAwMDAwLCJ1cGRhdGUiOjYwMDAwMDAwMDAwMH19",
          "dependencies": [
            "outscale_keypair.keypair01",
            "outscale_security_group.hackathon_common",
            "outscale_security_group.hackathon_mongodb",
            "outscale_security_group.hackathon_postgre"
          ]
        }
      ]
    },
    {
      "mode": "managed",
      "type": "outscale_vm",
      "name": "hackathon_ms1",
      "provider": "provider[\"registry.terraform.io/outscale-dev/outscale\"]",
      "instances": [
        {
          "status": "tainted",
          "schema_version": 0,
          "attributes": {
            "admin_password": "",
            "architecture": "x86_64",
            "block_device_mappings": [
              {
                "bsu": [
                  {
                    "delete_on_vm_deletion": true,
                    "iops": 150,
                    "snapshot_id": "",
                    "volume_size": 115,
                    "volume_type": "io1"
                  }
                ],
                "device_name": "/dev/sdb",
                "no_device": "",
                "virtual_device_name": ""
              }
            ],
            "block_device_mappings_created": [
              {
                "bsu": {
                  "delete_on_vm_deletion": "true",
                  "link_date": "2022-10-08T08:31:55.133Z",
                  "state": "attached",
                  "volume_id": "vol-75bd771d"
                },
                "device_name": "/dev/sda1"
              },
              {
                "bsu": {
                  "delete_on_vm_deletion": "true",
                  "link_date": "2022-10-08T08:31:55.133Z",
                  "state": "attached",
                  "volume_id": "vol-a8a585fd"
                },
                "device_name": "/dev/sdb"
              }
            ],
            "bsu_optimized": false,
            "client_token": "",
            "deletion_protection": false,
            "get_admin_password": null,
            "hypervisor": "xen",
            "id": "i-fe6b7488",
            "image_id": "ami-bb490c7e",
            "is_source_dest_checked": true,
            "keypair_name": "hackathon",
            "launch_number": 0,
            "net_id": "",
            "nics": [],
            "os_family": "",
            "performance": "highest",
            "placement_subregion_name": "eu-west-2a",
            "placement_tenancy": "default",
            "private_dns_name": "ip-10-9-60-64.eu-west-2.compute.internal",
            "private_ip": "10.9.60.64",
            "private_ips": null,
            "product_codes": [
              "0001"
            ],
            "public_dns_name": "ows-217-75-166-209.eu-west-2.compute.outscale.com",
            "public_ip": "217.75.166.209",
            "request_id": null,
            "reservation_id": "r-46d020b7",
            "root_device_name": "/dev/sda1",
            "root_device_type": "ebs",
            "security_group_ids": [
              "sg-188c2ed1",
              "sg-8811caf9"
            ],
            "security_group_names": null,
            "security_groups": [
              {
                "security_group_id": "sg-188c2ed1",
                "security_group_name": "hackathon-common"
              },
              {
                "security_group_id": "sg-8811caf9",
                "security_group_name": "hackathon-web"
              }
            ],
            "state": "running",
            "state_reason": "",
            "subnet_id": "",
            "tags": [
              {
                "key": "name",
                "value": "hackathon_ms1"
              }
            ],
            "timeouts": null,
            "user_data": "",
            "vm_id": "i-fe6b7488",
            "vm_initiated_shutdown_behavior": "stop",
            "vm_type": "tinav5.c4r8p1"
          },
          "sensitive_attributes": [],
          "private": "eyJlMmJmYjczMC1lY2FhLTExZTYtOGY4OC0zNDM2M2JjN2M0YzAiOnsiY3JlYXRlIjo2MDAwMDAwMDAwMDAsImRlbGV0ZSI6NjAwMDAwMDAwMDAwLCJ1cGRhdGUiOjYwMDAwMDAwMDAwMH19",
          "dependencies": [
            "outscale_keypair.keypair01",
            "outscale_security_group.hackathon_common",
            "outscale_security_group.hackathon_web"
          ]
        }
      ]
    }
  ],
  "check_results": []
}
